PODS:
  - airapplogic (0.0.1):
    - FlutterMacOS
  - FlutterMacOS (1.0.0)

DEPENDENCIES:
  - airapplogic (from `Flutter/ephemeral/.symlinks/plugins/airapplogic/macos`)
  - FlutterMacOS (from `Flutter/ephemeral`)

EXTERNAL SOURCES:
  airapplogic:
    :path: Flutter/ephemeral/.symlinks/plugins/airapplogic/macos
  FlutterMacOS:
    :path: Flutter/ephemeral

SPEC CHECKSUMS:
  airapplogic: 771c36a647af7daa7625dac9637abf1853c5b549
  FlutterMacOS: d0db08ddef1a9af05a5ec4b724367152bb0500b1

PODFILE CHECKSUM: ef2a2c38c4c8d76a07ab60f845d4062e841ebd54

COCOAPODS: 1.16.2
