PODS:
  - airapplogic (0.0.1):
    - Flutter
  - Flutter (1.0.0)

DEPENDENCIES:
  - airapplogic (from `.symlinks/plugins/airapplogic/ios`)
  - Flutter (from `Flutter`)

EXTERNAL SOURCES:
  airapplogic:
    :path: ".symlinks/plugins/airapplogic/ios"
  Flutter:
    :path: Flutter

SPEC CHECKSUMS:
  airapplogic: c38782b11ec01d75116f99a220022c31a78ef7a4
  Flutter: cabc95a1d2626b1b06e7179b784ebcf0c0cde467

PODFILE CHECKSUM: 5058a99b99157fbda16cdac97b446be01149b232

COCOAPODS: 1.16.2
